
Microsoft Visual Studio Solution File, Format Version 12.00
# Visual Studio Version 16
VisualStudioVersion = 16.0.29728.190
MinimumVisualStudioVersion = 10.0.40219.1
Project("{FAE04EC0-301F-11D3-BF4B-00C04F79EFBC}") = "SimpleRegisterAndLogin.Android", "SimpleRegisterAndLogin.Android\SimpleRegisterAndLogin.Android.csproj", "{25FCD273-3BC4-4F10-90AE-755DF0C8D3B2}"
EndProject
Project("{FAE04EC0-301F-11D3-BF4B-00C04F79EFBC}") = "SimpleRegisterAndLogin.iOS", "SimpleRegisterAndLogin.iOS\SimpleRegisterAndLogin.iOS.csproj", "{E7F94D5E-7711-4E0C-978F-AD2409882B68}"
EndProject
Project("{FAE04EC0-301F-11D3-BF4B-00C04F79EFBC}") = "SimpleRegisterAndLogin", "SimpleRegisterAndLogin\SimpleRegisterAndLogin.csproj", "{37C2EB5D-18FC-479D-9E73-6FD7D1386561}"
EndProject
Global
	GlobalSection(SolutionConfigurationPlatforms) = preSolution
		Debug|Any CPU = Debug|Any CPU
		Debug|iPhone = Debug|iPhone
		Debug|iPhoneSimulator = Debug|iPhoneSimulator
		Release|Any CPU = Release|Any CPU
		Release|iPhone = Release|iPhone
		Release|iPhoneSimulator = Release|iPhoneSimulator
	EndGlobalSection
	GlobalSection(ProjectConfigurationPlatforms) = postSolution
		{25FCD273-3BC4-4F10-90AE-755DF0C8D3B2}.Debug|Any CPU.ActiveCfg = Debug|Any CPU
		{25FCD273-3BC4-4F10-90AE-755DF0C8D3B2}.Debug|Any CPU.Build.0 = Debug|Any CPU
		{25FCD273-3BC4-4F10-90AE-755DF0C8D3B2}.Debug|Any CPU.Deploy.0 = Debug|Any CPU
		{25FCD273-3BC4-4F10-90AE-755DF0C8D3B2}.Debug|iPhone.ActiveCfg = Debug|Any CPU
		{25FCD273-3BC4-4F10-90AE-755DF0C8D3B2}.Debug|iPhone.Build.0 = Debug|Any CPU
		{25FCD273-3BC4-4F10-90AE-755DF0C8D3B2}.Debug|iPhone.Deploy.0 = Debug|Any CPU
		{25FCD273-3BC4-4F10-90AE-755DF0C8D3B2}.Debug|iPhoneSimulator.ActiveCfg = Debug|Any CPU
		{25FCD273-3BC4-4F10-90AE-755DF0C8D3B2}.Debug|iPhoneSimulator.Build.0 = Debug|Any CPU
		{25FCD273-3BC4-4F10-90AE-755DF0C8D3B2}.Debug|iPhoneSimulator.Deploy.0 = Debug|Any CPU
		{25FCD273-3BC4-4F10-90AE-755DF0C8D3B2}.Release|Any CPU.ActiveCfg = Release|Any CPU
		{25FCD273-3BC4-4F10-90AE-755DF0C8D3B2}.Release|Any CPU.Build.0 = Release|Any CPU
		{25FCD273-3BC4-4F10-90AE-755DF0C8D3B2}.Release|Any CPU.Deploy.0 = Release|Any CPU
		{25FCD273-3BC4-4F10-90AE-755DF0C8D3B2}.Release|iPhone.ActiveCfg = Release|Any CPU
		{25FCD273-3BC4-4F10-90AE-755DF0C8D3B2}.Release|iPhone.Build.0 = Release|Any CPU
		{25FCD273-3BC4-4F10-90AE-755DF0C8D3B2}.Release|iPhone.Deploy.0 = Release|Any CPU
		{25FCD273-3BC4-4F10-90AE-755DF0C8D3B2}.Release|iPhoneSimulator.ActiveCfg = Release|Any CPU
		{25FCD273-3BC4-4F10-90AE-755DF0C8D3B2}.Release|iPhoneSimulator.Build.0 = Release|Any CPU
		{25FCD273-3BC4-4F10-90AE-755DF0C8D3B2}.Release|iPhoneSimulator.Deploy.0 = Release|Any CPU
		{E7F94D5E-7711-4E0C-978F-AD2409882B68}.Debug|Any CPU.ActiveCfg = Debug|iPhoneSimulator
		{E7F94D5E-7711-4E0C-978F-AD2409882B68}.Debug|Any CPU.Build.0 = Debug|iPhoneSimulator
		{E7F94D5E-7711-4E0C-978F-AD2409882B68}.Debug|Any CPU.Deploy.0 = Debug|iPhoneSimulator
		{E7F94D5E-7711-4E0C-978F-AD2409882B68}.Debug|iPhone.ActiveCfg = Debug|iPhone
		{E7F94D5E-7711-4E0C-978F-AD2409882B68}.Debug|iPhone.Build.0 = Debug|iPhone
		{E7F94D5E-7711-4E0C-978F-AD2409882B68}.Debug|iPhone.Deploy.0 = Debug|iPhone
		{E7F94D5E-7711-4E0C-978F-AD2409882B68}.Debug|iPhoneSimulator.ActiveCfg = Debug|iPhoneSimulator
		{E7F94D5E-7711-4E0C-978F-AD2409882B68}.Debug|iPhoneSimulator.Build.0 = Debug|iPhoneSimulator
		{E7F94D5E-7711-4E0C-978F-AD2409882B68}.Debug|iPhoneSimulator.Deploy.0 = Debug|iPhoneSimulator
		{E7F94D5E-7711-4E0C-978F-AD2409882B68}.Release|Any CPU.ActiveCfg = Release|iPhone
		{E7F94D5E-7711-4E0C-978F-AD2409882B68}.Release|Any CPU.Build.0 = Release|iPhone
		{E7F94D5E-7711-4E0C-978F-AD2409882B68}.Release|Any CPU.Deploy.0 = Release|iPhone
		{E7F94D5E-7711-4E0C-978F-AD2409882B68}.Release|iPhone.ActiveCfg = Release|iPhone
		{E7F94D5E-7711-4E0C-978F-AD2409882B68}.Release|iPhone.Build.0 = Release|iPhone
		{E7F94D5E-7711-4E0C-978F-AD2409882B68}.Release|iPhone.Deploy.0 = Release|iPhone
		{E7F94D5E-7711-4E0C-978F-AD2409882B68}.Release|iPhoneSimulator.ActiveCfg = Release|iPhoneSimulator
		{E7F94D5E-7711-4E0C-978F-AD2409882B68}.Release|iPhoneSimulator.Build.0 = Release|iPhoneSimulator
		{E7F94D5E-7711-4E0C-978F-AD2409882B68}.Release|iPhoneSimulator.Deploy.0 = Release|iPhoneSimulator
		{37C2EB5D-18FC-479D-9E73-6FD7D1386561}.Debug|Any CPU.ActiveCfg = Debug|Any CPU
		{37C2EB5D-18FC-479D-9E73-6FD7D1386561}.Debug|Any CPU.Build.0 = Debug|Any CPU
		{37C2EB5D-18FC-479D-9E73-6FD7D1386561}.Debug|Any CPU.Deploy.0 = Debug|Any CPU
		{37C2EB5D-18FC-479D-9E73-6FD7D1386561}.Debug|iPhone.ActiveCfg = Debug|Any CPU
		{37C2EB5D-18FC-479D-9E73-6FD7D1386561}.Debug|iPhone.Build.0 = Debug|Any CPU
		{37C2EB5D-18FC-479D-9E73-6FD7D1386561}.Debug|iPhone.Deploy.0 = Debug|Any CPU
		{37C2EB5D-18FC-479D-9E73-6FD7D1386561}.Debug|iPhoneSimulator.ActiveCfg = Debug|Any CPU
		{37C2EB5D-18FC-479D-9E73-6FD7D1386561}.Debug|iPhoneSimulator.Build.0 = Debug|Any CPU
		{37C2EB5D-18FC-479D-9E73-6FD7D1386561}.Debug|iPhoneSimulator.Deploy.0 = Debug|Any CPU
		{37C2EB5D-18FC-479D-9E73-6FD7D1386561}.Release|Any CPU.ActiveCfg = Release|Any CPU
		{37C2EB5D-18FC-479D-9E73-6FD7D1386561}.Release|Any CPU.Build.0 = Release|Any CPU
		{37C2EB5D-18FC-479D-9E73-6FD7D1386561}.Release|Any CPU.Deploy.0 = Release|Any CPU
		{37C2EB5D-18FC-479D-9E73-6FD7D1386561}.Release|iPhone.ActiveCfg = Release|Any CPU
		{37C2EB5D-18FC-479D-9E73-6FD7D1386561}.Release|iPhone.Build.0 = Release|Any CPU
		{37C2EB5D-18FC-479D-9E73-6FD7D1386561}.Release|iPhone.Deploy.0 = Release|Any CPU
		{37C2EB5D-18FC-479D-9E73-6FD7D1386561}.Release|iPhoneSimulator.ActiveCfg = Release|Any CPU
		{37C2EB5D-18FC-479D-9E73-6FD7D1386561}.Release|iPhoneSimulator.Build.0 = Release|Any CPU
		{37C2EB5D-18FC-479D-9E73-6FD7D1386561}.Release|iPhoneSimulator.Deploy.0 = Release|Any CPU
	EndGlobalSection
	GlobalSection(SolutionProperties) = preSolution
		HideSolutionNode = FALSE
	EndGlobalSection
	GlobalSection(ExtensibilityGlobals) = postSolution
		SolutionGuid = {D9BFACF5-E8B9-42F0-BEFF-F213999502B2}
	EndGlobalSection
EndGlobal
